// !$*UTF8*$!
{
	archiveVersion = 1;
	classes = {
	};
	objectVersion = 55;
	objects = {

/* Begin PBXBuildFile section */
		A64CBAD6281FC0D600A5A8CD /* AppDelegate.swift in Sources */ = {isa = PBXBuildFile; fileRef = A64CBAD5281FC0D600A5A8CD /* AppDelegate.swift */; };
		A64CBAD8281FC0D600A5A8CD /* SceneDelegate.swift in Sources */ = {isa = PBXBuildFile; fileRef = A64CBAD7281FC0D600A5A8CD /* SceneDelegate.swift */; };
		A64CBADA281FC0D600A5A8CD /* ViewController.swift in Sources */ = {isa = PBXBuildFile; fileRef = A64CBAD9281FC0D600A5A8CD /* ViewController.swift */; };
		A64CBADD281FC0D600A5A8CD /* Main.storyboard in Resources */ = {isa = PBXBuildFile; fileRef = A64CBADB281FC0D600A5A8CD /* Main.storyboard */; };
		A64CBADF281FC0D800A5A8CD /* Assets.xcassets in Resources */ = {isa = PBXBuildFile; fileRef = A64CBADE281FC0D800A5A8CD /* Assets.xcassets */; };
		A64CBAE2281FC0D800A5A8CD /* LaunchScreen.storyboard in Resources */ = {isa = PBXBuildFile; fileRef = A64CBAE0281FC0D800A5A8CD /* LaunchScreen.storyboard */; };
		A64CBAED281FC0D800A5A8CD /* SecondKadaiAppTests.swift in Sources */ = {isa = PBXBuildFile; fileRef = A64CBAEC281FC0D800A5A8CD /* SecondKadaiAppTests.swift */; };
		A64CBAF7281FC0D800A5A8CD /* SecondKadaiAppUITests.swift in Sources */ = {isa = PBXBuildFile; fileRef = A64CBAF6281FC0D800A5A8CD /* SecondKadaiAppUITests.swift */; };
		A64CBAF9281FC0D800A5A8CD /* SecondKadaiAppUITestsLaunchTests.swift in Sources */ = {isa = PBXBuildFile; fileRef = A64CBAF8281FC0D800A5A8CD /* SecondKadaiAppUITestsLaunchTests.swift */; };
/* End PBXBuildFile section */

/* Begin PBXContainerItemProxy section */
		A64CBAE9281FC0D800A5A8CD /* PBXContainerItemProxy */ = {
			isa = PBXContainerItemProxy;
			containerPortal = A64CBACA281FC0D600A5A8CD /* Project object */;
			proxyType = 1;
			remoteGlobalIDString = A64CBAD1281FC0D600A5A8CD;
			remoteInfo = SecondKadaiApp;
		};
		A64CBAF3281FC0D800A5A8CD /* PBXContainerItemProxy */ = {
			isa = PBXContainerItemProxy;
			containerPortal = A64CBACA281FC0D600A5A8CD /* Project object */;
			proxyType = 1;
			remoteGlobalIDString = A64CBAD1281FC0D600A5A8CD;
			remoteInfo = SecondKadaiApp;
		};
/* End PBXContainerItemProxy section */

/* Begin PBXFileReference section */
		A64CBAD2281FC0D600A5A8CD /* SecondKadaiApp.app */ = {isa = PBXFileReference; explicitFileType = wrapper.application; includeInIndex = 0; path = SecondKadaiApp.app; sourceTree = BUILT_PRODUCTS_DIR; };
		A64CBAD5281FC0D600A5A8CD /* AppDelegate.swift */ = {isa = PBXFileReference; lastKnownFileType = sourcecode.swift; path = AppDelegate.swift; sourceTree = "<group>"; };
		A64CBAD7281FC0D600A5A8CD /* SceneDelegate.swift */ = {isa = PBXFileReference; lastKnownFileType = sourcecode.swift; path = SceneDelegate.swift; sourceTree = "<group>"; };
		A64CBAD9281FC0D600A5A8CD /* ViewController.swift */ = {isa = PBXFileReference; lastKnownFileType = sourcecode.swift; path = ViewController.swift; sourceTree = "<group>"; };
		A64CBADC281FC0D600A5A8CD /* Base */ = {isa = PBXFileReference; lastKnownFileType = file.storyboard; name = Base; path = Base.lproj/Main.storyboard; sourceTree = "<group>"; };
		A64CBADE281FC0D800A5A8CD /* Assets.xcassets */ = {isa = PBXFileReference; lastKnownFileType = folder.assetcatalog; path = Assets.xcassets; sourceTree = "<group>"; };
		A64CBAE1281FC0D800A5A8CD /* Base */ = {isa = PBXFileReference; lastKnownFileType = file.storyboard; name = Base; path = Base.lproj/LaunchScreen.storyboard; sourceTree = "<group>"; };
		A64CBAE3281FC0D800A5A8CD /* Info.plist */ = {isa = PBXFileReference; lastKnownFileType = text.plist.xml; path = Info.plist; sourceTree = "<group>"; };
		A64CBAE8281FC0D800A5A8CD /* SecondKadaiAppTests.xctest */ = {isa = PBXFileReference; explicitFileType = wrapper.cfbundle; includeInIndex = 0; path = SecondKadaiAppTests.xctest; sourceTree = BUILT_PRODUCTS_DIR; };
		A64CBAEC281FC0D800A5A8CD /* SecondKadaiAppTests.swift */ = {isa = PBXFileReference; lastKnownFileType = sourcecode.swift; path = SecondKadaiAppTests.swift; sourceTree = "<group>"; };
		A64CBAF2281FC0D800A5A8CD /* SecondKadaiAppUITests.xctest */ = {isa = PBXFileReference; explicitFileType = wrapper.cfbundle; includeInIndex = 0; path = SecondKadaiAppUITests.xctest; sourceTree = BUILT_PRODUCTS_DIR; };
		A64CBAF6281FC0D800A5A8CD /* SecondKadaiAppUITests.swift */ = {isa = PBXFileReference; lastKnownFileType = sourcecode.swift; path = SecondKadaiAppUITests.swift; sourceTree = "<group>"; };
		A64CBAF8281FC0D800A5A8CD /* SecondKadaiAppUITestsLaunchTests.swift */ = {isa = PBXFileReference; lastKnownFileType = sourcecode.swift; path = SecondKadaiAppUITestsLaunchTests.swift; sourceTree = "<group>"; };
/* End PBXFileReference section */

/* Begin PBXFrameworksBuildPhase section */
		A64CBACF281FC0D600A5A8CD /* Frameworks */ = {
			isa = PBXFrameworksBuildPhase;
			buildActionMask = 2147483647;
			files = (
			);
			runOnlyForDeploymentPostprocessing = 0;
		};
		A64CBAE5281FC0D800A5A8CD /* Frameworks */ = {
			isa = PBXFrameworksBuildPhase;
			buildActionMask = 2147483647;
			files = (
			);
			runOnlyForDeploymentPostprocessing = 0;
		};
		A64CBAEF281FC0D800A5A8CD /* Frameworks */ = {
			isa = PBXFrameworksBuildPhase;
			buildActionMask = 2147483647;
			files = (
			);
			runOnlyForDeploymentPostprocessing = 0;
		};
/* End PBXFrameworksBuildPhase section */

/* Begin PBXGroup section */
		A64CBAC9281FC0D600A5A8CD = {
			isa = PBXGroup;
			children = (
				A64CBAD4281FC0D600A5A8CD /* SecondKadaiApp */,
				A64CBAEB281FC0D800A5A8CD /* SecondKadaiAppTests */,
				A64CBAF5281FC0D800A5A8CD /* SecondKadaiAppUITests */,
				A64CBAD3281FC0D600A5A8CD /* Products */,
			);
			sourceTree = "<group>";
		};
		A64CBAD3281FC0D600A5A8CD /* Products */ = {
			isa = PBXGroup;
			children = (
				A64CBAD2281FC0D600A5A8CD /* SecondKadaiApp.app */,
				A64CBAE8281FC0D800A5A8CD /* SecondKadaiAppTests.xctest */,
				A64CBAF2281FC0D800A5A8CD /* SecondKadaiAppUITests.xctest */,
			);
			name = Products;
			sourceTree = "<group>";
		};
		A64CBAD4281FC0D600A5A8CD /* SecondKadaiApp */ = {
			isa = PBXGroup;
			children = (
				A64CBAD5281FC0D600A5A8CD /* AppDelegate.swift */,
				A64CBAD7281FC0D600A5A8CD /* SceneDelegate.swift */,
				A64CBAD9281FC0D600A5A8CD /* ViewController.swift */,
				A64CBADB281FC0D600A5A8CD /* Main.storyboard */,
				A64CBADE281FC0D800A5A8CD /* Assets.xcassets */,
				A64CBAE0281FC0D800A5A8CD /* LaunchScreen.storyboard */,
				A64CBAE3281FC0D800A5A8CD /* Info.plist */,
			);
			path = SecondKadaiApp;
			sourceTree = "<group>";
		};
		A64CBAEB281FC0D800A5A8CD /* SecondKadaiAppTests */ = {
			isa = PBXGroup;
			children = (
				A64CBAEC281FC0D800A5A8CD /* SecondKadaiAppTests.swift */,
			);
			path = SecondKadaiAppTests;
			sourceTree = "<group>";
		};
		A64CBAF5281FC0D800A5A8CD /* SecondKadaiAppUITests */ = {
			isa = PBXGroup;
			children = (
				A64CBAF6281FC0D800A5A8CD /* SecondKadaiAppUITests.swift */,
				A64CBAF8281FC0D800A5A8CD /* SecondKadaiAppUITestsLaunchTests.swift */,
			);
			path = SecondKadaiAppUITests;
			sourceTree = "<group>";
		};
/* End PBXGroup section */

/* Begin PBXNativeTarget section */
		A64CBAD1281FC0D600A5A8CD /* SecondKadaiApp */ = {
			isa = PBXNativeTarget;
			buildConfigurationList = A64CBAFC281FC0D800A5A8CD /* Build configuration list for PBXNativeTarget "SecondKadaiApp" */;
			buildPhases = (
				A64CBACE281FC0D600A5A8CD /* Sources */,
				A64CBACF281FC0D600A5A8CD /* Frameworks */,
				A64CBAD0281FC0D600A5A8CD /* Resources */,
			);
			buildRules = (
			);
			dependencies = (
			);
			name = SecondKadaiApp;
			productName = SecondKadaiApp;
			productReference = A64CBAD2281FC0D600A5A8CD /* SecondKadaiApp.app */;
			productType = "com.apple.product-type.application";
		};
		A64CBAE7281FC0D800A5A8CD /* SecondKadaiAppTests */ = {
			isa = PBXNativeTarget;
			buildConfigurationList = A64CBAFF281FC0D800A5A8CD /* Build configuration list for PBXNativeTarget "SecondKadaiAppTests" */;
			buildPhases = (
				A64CBAE4281FC0D800A5A8CD /* Sources */,
				A64CBAE5281FC0D800A5A8CD /* Frameworks */,
				A64CBAE6281FC0D800A5A8CD /* Resources */,
			);
			buildRules = (
			);
			dependencies = (
				A64CBAEA281FC0D800A5A8CD /* PBXTargetDependency */,
			);
			name = SecondKadaiAppTests;
			productName = SecondKadaiAppTests;
			productReference = A64CBAE8281FC0D800A5A8CD /* SecondKadaiAppTests.xctest */;
			productType = "com.apple.product-type.bundle.unit-test";
		};
		A64CBAF1281FC0D800A5A8CD /* SecondKadaiAppUITests */ = {
			isa = PBXNativeTarget;
			buildConfigurationList = A64CBB02281FC0D800A5A8CD /* Build configuration list for PBXNativeTarget "SecondKadaiAppUITests" */;
			buildPhases = (
				A64CBAEE281FC0D800A5A8CD /* Sources */,
				A64CBAEF281FC0D800A5A8CD /* Frameworks */,
				A64CBAF0281FC0D800A5A8CD /* Resources */,
			);
			buildRules = (
			);
			dependencies = (
				A64CBAF4281FC0D800A5A8CD /* PBXTargetDependency */,
			);
			name = SecondKadaiAppUITests;
			productName = SecondKadaiAppUITests;
			productReference = A64CBAF2281FC0D800A5A8CD /* SecondKadaiAppUITests.xctest */;
			productType = "com.apple.product-type.bundle.ui-testing";
		};
/* End PBXNativeTarget section */

/* Begin PBXProject section */
		A64CBACA281FC0D600A5A8CD /* Project object */ = {
			isa = PBXProject;
			attributes = {
				BuildIndependentTargetsInParallel = 1;
				LastSwiftUpdateCheck = 1330;
				LastUpgradeCheck = 1330;
				TargetAttributes = {
					A64CBAD1281FC0D600A5A8CD = {
						CreatedOnToolsVersion = 13.3;
					};
					A64CBAE7281FC0D800A5A8CD = {
						CreatedOnToolsVersion = 13.3;
						TestTargetID = A64CBAD1281FC0D600A5A8CD;
					};
					A64CBAF1281FC0D800A5A8CD = {
						CreatedOnToolsVersion = 13.3;
						TestTargetID = A64CBAD1281FC0D600A5A8CD;
					};
				};
			};
			buildConfigurationList = A64CBACD281FC0D600A5A8CD /* Build configuration list for PBXProject "SecondKadaiApp" */;
			compatibilityVersion = "Xcode 13.0";
			developmentRegion = en;
			hasScannedForEncodings = 0;
			knownRegions = (
				en,
				Base,
			);
			mainGroup = A64CBAC9281FC0D600A5A8CD;
			productRefGroup = A64CBAD3281FC0D600A5A8CD /* Products */;
			projectDirPath = "";
			projectRoot = "";
			targets = (
				A64CBAD1281FC0D600A5A8CD /* SecondKadaiApp */,
				A64CBAE7281FC0D800A5A8CD /* SecondKadaiAppTests */,
				A64CBAF1281FC0D800A5A8CD /* SecondKadaiAppUITests */,
			);
		};
/* End PBXProject section */

/* Begin PBXResourcesBuildPhase section */
		A64CBAD0281FC0D600A5A8CD /* Resources */ = {
			isa = PBXResourcesBuildPhase;
			buildActionMask = 2147483647;
			files = (
				A64CBAE2281FC0D800A5A8CD /* LaunchScreen.storyboard in Resources */,
				A64CBADF281FC0D800A5A8CD /* Assets.xcassets in Resources */,
				A64CBADD281FC0D600A5A8CD /* Main.storyboard in Resources */,
			);
			runOnlyForDeploymentPostprocessing = 0;
		};
		A64CBAE6281FC0D800A5A8CD /* Resources */ = {
			isa = PBXResourcesBuildPhase;
			buildActionMask = 2147483647;
			files = (
			);
			runOnlyForDeploymentPostprocessing = 0;
		};
		A64CBAF0281FC0D800A5A8CD /* Resources */ = {
			isa = PBXResourcesBuildPhase;
			buildActionMask = 2147483647;
			files = (
			);
			runOnlyForDeploymentPostprocessing = 0;
		};
/* End PBXResourcesBuildPhase section */

/* Begin PBXSourcesBuildPhase section */
		A64CBACE281FC0D600A5A8CD /* Sources */ = {
			isa = PBXSourcesBuildPhase;
			buildActionMask = 2147483647;
			files = (
				A64CBADA281FC0D600A5A8CD /* ViewController.swift in Sources */,
				A64CBAD6281FC0D600A5A8CD /* AppDelegate.swift in Sources */,
				A64CBAD8281FC0D600A5A8CD /* SceneDelegate.swift in Sources */,
			);
			runOnlyForDeploymentPostprocessing = 0;
		};
		A64CBAE4281FC0D800A5A8CD /* Sources */ = {
			isa = PBXSourcesBuildPhase;
			buildActionMask = 2147483647;
			files = (
				A64CBAED281FC0D800A5A8CD /* SecondKadaiAppTests.swift in Sources */,
			);
			runOnlyForDeploymentPostprocessing = 0;
		};
		A64CBAEE281FC0D800A5A8CD /* Sources */ = {
			isa = PBXSourcesBuildPhase;
			buildActionMask = 2147483647;
			files = (
				A64CBAF7281FC0D800A5A8CD /* SecondKadaiAppUITests.swift in Sources */,
				A64CBAF9281FC0D800A5A8CD /* SecondKadaiAppUITestsLaunchTests.swift in Sources */,
			);
			runOnlyForDeploymentPostprocessing = 0;
		};
/* End PBXSourcesBuildPhase section */

/* Begin PBXTargetDependency section */
		A64CBAEA281FC0D800A5A8CD /* PBXTargetDependency */ = {
			isa = PBXTargetDependency;
			target = A64CBAD1281FC0D600A5A8CD /* SecondKadaiApp */;
			targetProxy = A64CBAE9281FC0D800A5A8CD /* PBXContainerItemProxy */;
		};
		A64CBAF4281FC0D800A5A8CD /* PBXTargetDependency */ = {
			isa = PBXTargetDependency;
			target = A64CBAD1281FC0D600A5A8CD /* SecondKadaiApp */;
			targetProxy = A64CBAF3281FC0D800A5A8CD /* PBXContainerItemProxy */;
		};
/* End PBXTargetDependency section */

/* Begin PBXVariantGroup section */
		A64CBADB281FC0D600A5A8CD /* Main.storyboard */ = {
			isa = PBXVariantGroup;
			children = (
				A64CBADC281FC0D600A5A8CD /* Base */,
			);
			name = Main.storyboard;
			sourceTree = "<group>";
		};
		A64CBAE0281FC0D800A5A8CD /* LaunchScreen.storyboard */ = {
			isa = PBXVariantGroup;
			children = (
				A64CBAE1281FC0D800A5A8CD /* Base */,
			);
			name = LaunchScreen.storyboard;
			sourceTree = "<group>";
		};
/* End PBXVariantGroup section */

/* Begin XCBuildConfiguration section */
		A64CBAFA281FC0D800A5A8CD /* Debug */ = {
			isa = XCBuildConfiguration;
			buildSettings = {
				ALWAYS_SEARCH_USER_PATHS = NO;
				CLANG_ANALYZER_NONNULL = YES;
				CLANG_ANALYZER_NUMBER_OBJECT_CONVERSION = YES_AGGRESSIVE;
				CLANG_CXX_LANGUAGE_STANDARD = "gnu++17";
				CLANG_ENABLE_MODULES = YES;
				CLANG_ENABLE_OBJC_ARC = YES;
				CLANG_ENABLE_OBJC_WEAK = YES;
				CLANG_WARN_BLOCK_CAPTURE_AUTORELEASING = YES;
				CLANG_WARN_BOOL_CONVERSION = YES;
				CLANG_WARN_COMMA = YES;
				CLANG_WARN_CONSTANT_CONVERSION = YES;
				CLANG_WARN_DEPRECATED_OBJC_IMPLEMENTATIONS = YES;
				CLANG_WARN_DIRECT_OBJC_ISA_USAGE = YES_ERROR;
				CLANG_WARN_DOCUMENTATION_COMMENTS = YES;
				CLANG_WARN_EMPTY_BODY = YES;
				CLANG_WARN_ENUM_CONVERSION = YES;
				CLANG_WARN_INFINITE_RECURSION = YES;
				CLANG_WARN_INT_CONVERSION = YES;
				CLANG_WARN_NON_LITERAL_NULL_CONVERSION = YES;
				CLANG_WARN_OBJC_IMPLICIT_RETAIN_SELF = YES;
				CLANG_WARN_OBJC_LITERAL_CONVERSION = YES;
				CLANG_WARN_OBJC_ROOT_CLASS = YES_ERROR;
				CLANG_WARN_QUOTED_INCLUDE_IN_FRAMEWORK_HEADER = YES;
				CLANG_WARN_RANGE_LOOP_ANALYSIS = YES;
				CLANG_WARN_STRICT_PROTOTYPES = YES;
				CLANG_WARN_SUSPICIOUS_MOVE = YES;
				CLANG_WARN_UNGUARDED_AVAILABILITY = YES_AGGRESSIVE;
				CLANG_WARN_UNREACHABLE_CODE = YES;
				CLANG_WARN__DUPLICATE_METHOD_MATCH = YES;
				COPY_PHASE_STRIP = NO;
				DEBUG_INFORMATION_FORMAT = dwarf;
				ENABLE_STRICT_OBJC_MSGSEND = YES;
				ENABLE_TESTABILITY = YES;
				GCC_C_LANGUAGE_STANDARD = gnu11;
				GCC_DYNAMIC_NO_PIC = NO;
				GCC_NO_COMMON_BLOCKS = YES;
				GCC_OPTIMIZATION_LEVEL = 0;
				GCC_PREPROCESSOR_DEFINITIONS = (
					"DEBUG=1",
					"$(inherited)",
				);
				GCC_WARN_64_TO_32_BIT_CONVERSION = YES;
				GCC_WARN_ABOUT_RETURN_TYPE = YES_ERROR;
				GCC_WARN_UNDECLARED_SELECTOR = YES;
				GCC_WARN_UNINITIALIZED_AUTOS = YES_AGGRESSIVE;
				GCC_WARN_UNUSED_FUNCTION = YES;
				GCC_WARN_UNUSED_VARIABLE = YES;
				IPHONEOS_DEPLOYMENT_TARGET = 15.4;
				MTL_ENABLE_DEBUG_INFO = INCLUDE_SOURCE;
				MTL_FAST_MATH = YES;
				ONLY_ACTIVE_ARCH = YES;
				SDKROOT = iphoneos;
				SWIFT_ACTIVE_COMPILATION_CONDITIONS = DEBUG;
				SWIFT_OPTIMIZATION_LEVEL = "-Onone";
			};
			name = Debug;
		};
		A64CBAFB281FC0D800A5A8CD /* Release */ = {
			isa = XCBuildConfiguration;
			buildSettings = {
				ALWAYS_SEARCH_USER_PATHS = NO;
				CLANG_ANALYZER_NONNULL = YES;
				CLANG_ANALYZER_NUMBER_OBJECT_CONVERSION = YES_AGGRESSIVE;
				CLANG_CXX_LANGUAGE_STANDARD = "gnu++17";
				CLANG_ENABLE_MODULES = YES;
				CLANG_ENABLE_OBJC_ARC = YES;
				CLANG_ENABLE_OBJC_WEAK = YES;
				CLANG_WARN_BLOCK_CAPTURE_AUTORELEASING = YES;
				CLANG_WARN_BOOL_CONVERSION = YES;
				CLANG_WARN_COMMA = YES;
				CLANG_WARN_CONSTANT_CONVERSION = YES;
				CLANG_WARN_DEPRECATED_OBJC_IMPLEMENTATIONS = YES;
				CLANG_WARN_DIRECT_OBJC_ISA_USAGE = YES_ERROR;
				CLANG_WARN_DOCUMENTATION_COMMENTS = YES;
				CLANG_WARN_EMPTY_BODY = YES;
				CLANG_WARN_ENUM_CONVERSION = YES;
				CLANG_WARN_INFINITE_RECURSION = YES;
				CLANG_WARN_INT_CONVERSION = YES;
				CLANG_WARN_NON_LITERAL_NULL_CONVERSION = YES;
				CLANG_WARN_OBJC_IMPLICIT_RETAIN_SELF = YES;
				CLANG_WARN_OBJC_LITERAL_CONVERSION = YES;
				CLANG_WARN_OBJC_ROOT_CLASS = YES_ERROR;
				CLANG_WARN_QUOTED_INCLUDE_IN_FRAMEWORK_HEADER = YES;
				CLANG_WARN_RANGE_LOOP_ANALYSIS = YES;
				CLANG_WARN_STRICT_PROTOTYPES = YES;
				CLANG_WARN_SUSPICIOUS_MOVE = YES;
				CLANG_WARN_UNGUARDED_AVAILABILITY = YES_AGGRESSIVE;
				CLANG_WARN_UNREACHABLE_CODE = YES;
				CLANG_WARN__DUPLICATE_METHOD_MATCH = YES;
				COPY_PHASE_STRIP = NO;
				DEBUG_INFORMATION_FORMAT = "dwarf-with-dsym";
				ENABLE_NS_ASSERTIONS = NO;
				ENABLE_STRICT_OBJC_MSGSEND = YES;
				GCC_C_LANGUAGE_STANDARD = gnu11;
				GCC_NO_COMMON_BLOCKS = YES;
				GCC_WARN_64_TO_32_BIT_CONVERSION = YES;
				GCC_WARN_ABOUT_RETURN_TYPE = YES_ERROR;
				GCC_WARN_UNDECLARED_SELECTOR = YES;
				GCC_WARN_UNINITIALIZED_AUTOS = YES_AGGRESSIVE;
				GCC_WARN_UNUSED_FUNCTION = YES;
				GCC_WARN_UNUSED_VARIABLE = YES;
				IPHONEOS_DEPLOYMENT_TARGET = 15.4;
				MTL_ENABLE_DEBUG_INFO = NO;
				MTL_FAST_MATH = YES;
				SDKROOT = iphoneos;
				SWIFT_COMPILATION_MODE = wholemodule;
				SWIFT_OPTIMIZATION_LEVEL = "-O";
				VALIDATE_PRODUCT = YES;
			};
			name = Release;
		};
		A64CBAFD281FC0D800A5A8CD /* Debug */ = {
			isa = XCBuildConfiguration;
			buildSettings = {
				ASSETCATALOG_COMPILER_APPICON_NAME = AppIcon;
				ASSETCATALOG_COMPILER_GLOBAL_ACCENT_COLOR_NAME = AccentColor;
				CODE_SIGN_STYLE = Automatic;
				CURRENT_PROJECT_VERSION = 1;
				GENERATE_INFOPLIST_FILE = YES;
				INFOPLIST_FILE = SecondKadaiApp/Info.plist;
				INFOPLIST_KEY_UIApplicationSupportsIndirectInputEvents = YES;
				INFOPLIST_KEY_UILaunchStoryboardName = LaunchScreen;
				INFOPLIST_KEY_UIMainStoryboardFile = Main;
				INFOPLIST_KEY_UISupportedInterfaceOrientations_iPad = "UIInterfaceOrientationPortrait UIInterfaceOrientationPortraitUpsideDown UIInterfaceOrientationLandscapeLeft UIInterfaceOrientationLandscapeRight";
				INFOPLIST_KEY_UISupportedInterfaceOrientations_iPhone = "UIInterfaceOrientationPortrait UIInterfaceOrientationLandscapeLeft UIInterfaceOrientationLandscapeRight";
				LD_RUNPATH_SEARCH_PATHS = (
					"$(inherited)",
					"@executable_path/Frameworks",
				);
				MARKETING_VERSION = 1.0;
				PRODUCT_BUNDLE_IDENTIFIER = jp.techacademy.jun.nakajima.SecondKadaiApp;
				PRODUCT_NAME = "$(TARGET_NAME)";
				SWIFT_EMIT_LOC_STRINGS = YES;
				SWIFT_VERSION = 5.0;
				TARGETED_DEVICE_FAMILY = "1,2";
			};
			name = Debug;
		};
		A64CBAFE281FC0D800A5A8CD /* Release */ = {
			isa = XCBuildConfiguration;
			buildSettings = {
				ASSETCATALOG_COMPILER_APPICON_NAME = AppIcon;
				ASSETCATALOG_COMPILER_GLOBAL_ACCENT_COLOR_NAME = AccentColor;
				CODE_SIGN_STYLE = Automatic;
				CURRENT_PROJECT_VERSION = 1;
				GENERATE_INFOPLIST_FILE = YES;
				INFOPLIST_FILE = SecondKadaiApp/Info.plist;
				INFOPLIST_KEY_UIApplicationSupportsIndirectInputEvents = YES;
				INFOPLIST_KEY_UILaunchStoryboardName = LaunchScreen;
				INFOPLIST_KEY_UIMainStoryboardFile = Main;
				INFOPLIST_KEY_UISupportedInterfaceOrientations_iPad = "UIInterfaceOrientationPortrait UIInterfaceOrientationPortraitUpsideDown UIInterfaceOrientationLandscapeLeft UIInterfaceOrientationLandscapeRight";
				INFOPLIST_KEY_UISupportedInterfaceOrientations_iPhone = "UIInterfaceOrientationPortrait UIInterfaceOrientationLandscapeLeft UIInterfaceOrientationLandscapeRight";
				LD_RUNPATH_SEARCH_PATHS = (
					"$(inherited)",
					"@executable_path/Frameworks",
				);
				MARKETING_VERSION = 1.0;
				PRODUCT_BUNDLE_IDENTIFIER = jp.techacademy.jun.nakajima.SecondKadaiApp;
				PRODUCT_NAME = "$(TARGET_NAME)";
				SWIFT_EMIT_LOC_STRINGS = YES;
				SWIFT_VERSION = 5.0;
				TARGETED_DEVICE_FAMILY = "1,2";
			};
			name = Release;
		};
		A64CBB00281FC0D800A5A8CD /* Debug */ = {
			isa = XCBuildConfiguration;
			buildSettings = {
				ALWAYS_EMBED_SWIFT_STANDARD_LIBRARIES = YES;
				BUNDLE_LOADER = "$(TEST_HOST)";
				CODE_SIGN_STYLE = Automatic;
				CURRENT_PROJECT_VERSION = 1;
				GENERATE_INFOPLIST_FILE = YES;
				IPHONEOS_DEPLOYMENT_TARGET = 15.4;
				MARKETING_VERSION = 1.0;
				PRODUCT_BUNDLE_IDENTIFIER = jp.techacademy.jun.nakajima.SecondKadaiAppTests;
				PRODUCT_NAME = "$(TARGET_NAME)";
				SWIFT_EMIT_LOC_STRINGS = NO;
				SWIFT_VERSION = 5.0;
				TARGETED_DEVICE_FAMILY = "1,2";
				TEST_HOST = "$(BUILT_PRODUCTS_DIR)/SecondKadaiApp.app/SecondKadaiApp";
			};
			name = Debug;
		};
		A64CBB01281FC0D800A5A8CD /* Release */ = {
			isa = XCBuildConfiguration;
			buildSettings = {
				ALWAYS_EMBED_SWIFT_STANDARD_LIBRARIES = YES;
				BUNDLE_LOADER = "$(TEST_HOST)";
				CODE_SIGN_STYLE = Automatic;
				CURRENT_PROJECT_VERSION = 1;
				GENERATE_INFOPLIST_FILE = YES;
				IPHONEOS_DEPLOYMENT_TARGET = 15.4;
				MARKETING_VERSION = 1.0;
				PRODUCT_BUNDLE_IDENTIFIER = jp.techacademy.jun.nakajima.SecondKadaiAppTests;
				PRODUCT_NAME = "$(TARGET_NAME)";
				SWIFT_EMIT_LOC_STRINGS = NO;
				SWIFT_VERSION = 5.0;
				TARGETED_DEVICE_FAMILY = "1,2";
				TEST_HOST = "$(BUILT_PRODUCTS_DIR)/SecondKadaiApp.app/SecondKadaiApp";
			};
			name = Release;
		};
		A64CBB03281FC0D800A5A8CD /* Debug */ = {
			isa = XCBuildConfiguration;
			buildSettings = {
				ALWAYS_EMBED_SWIFT_STANDARD_LIBRARIES = YES;
				CODE_SIGN_STYLE = Automatic;
				CURRENT_PROJECT_VERSION = 1;
				GENERATE_INFOPLIST_FILE = YES;
				MARKETING_VERSION = 1.0;
				PRODUCT_BUNDLE_IDENTIFIER = jp.techacademy.jun.nakajima.SecondKadaiAppUITests;
				PRODUCT_NAME = "$(TARGET_NAME)";
				SWIFT_EMIT_LOC_STRINGS = NO;
				SWIFT_VERSION = 5.0;
				TARGETED_DEVICE_FAMILY = "1,2";
				TEST_TARGET_NAME = SecondKadaiApp;
			};
			name = Debug;
		};
		A64CBB04281FC0D800A5A8CD /* Release */ = {
			isa = XCBuildConfiguration;
			buildSettings = {
				ALWAYS_EMBED_SWIFT_STANDARD_LIBRARIES = YES;
				CODE_SIGN_STYLE = Automatic;
				CURRENT_PROJECT_VERSION = 1;
				GENERATE_INFOPLIST_FILE = YES;
				MARKETING_VERSION = 1.0;
				PRODUCT_BUNDLE_IDENTIFIER = jp.techacademy.jun.nakajima.SecondKadaiAppUITests;
				PRODUCT_NAME = "$(TARGET_NAME)";
				SWIFT_EMIT_LOC_STRINGS = NO;
				SWIFT_VERSION = 5.0;
				TARGETED_DEVICE_FAMILY = "1,2";
				TEST_TARGET_NAME = SecondKadaiApp;
			};
			name = Release;
		};
/* End XCBuildConfiguration section */

/* Begin XCConfigurationList section */
		A64CBACD281FC0D600A5A8CD /* Build configuration list for PBXProject "SecondKadaiApp" */ = {
			isa = XCConfigurationList;
			buildConfigurations = (
				A64CBAFA281FC0D800A5A8CD /* Debug */,
				A64CBAFB281FC0D800A5A8CD /* Release */,
			);
			defaultConfigurationIsVisible = 0;
			defaultConfigurationName = Release;
		};
		A64CBAFC281FC0D800A5A8CD /* Build configuration list for PBXNativeTarget "SecondKadaiApp" */ = {
			isa = XCConfigurationList;
			buildConfigurations = (
				A64CBAFD281FC0D800A5A8CD /* Debug */,
				A64CBAFE281FC0D800A5A8CD /* Release */,
			);
			defaultConfigurationIsVisible = 0;
			defaultConfigurationName = Release;
		};
		A64CBAFF281FC0D800A5A8CD /* Build configuration list for PBXNativeTarget "SecondKadaiAppTests" */ = {
			isa = XCConfigurationList;
			buildConfigurations = (
				A64CBB00281FC0D800A5A8CD /* Debug */,
				A64CBB01281FC0D800A5A8CD /* Release */,
			);
			defaultConfigurationIsVisible = 0;
			defaultConfigurationName = Release;
		};
		A64CBB02281FC0D800A5A8CD /* Build configuration list for PBXNativeTarget "SecondKadaiAppUITests" */ = {
			isa = XCConfigurationList;
			buildConfigurations = (
				A64CBB03281FC0D800A5A8CD /* Debug */,
				A64CBB04281FC0D800A5A8CD /* Release */,
			);
			defaultConfigurationIsVisible = 0;
			defaultConfigurationName = Release;
		};
/* End XCConfigurationList section */
	};
	rootObject = A64CBACA281FC0D600A5A8CD /* Project object */;
}
